# THIS IS AN AUTOGENERATED FILE. DO NOT EDIT THIS FILE DIRECTLY.
# yarn lockfile v1


parser-toolkit@>=0.0.3:
  version "0.0.5"
  resolved "https://registry.yarnpkg.com/parser-toolkit/-/parser-toolkit-0.0.5.tgz#ec4b61729c86318b56ea971bfba6b3c672d62c01"

stream-json@^0.5.2:
  version "0.5.2"
  resolved "https://registry.yarnpkg.com/stream-json/-/stream-json-0.5.2.tgz#f4256c0ef1a905f2ef2d473706b4b3ff827653cf"
  dependencies:
    parser-toolkit ">=0.0.3"
